
Microsoft Visual Studio Solution File, Format Version 12.00
# Visual Studio Version 17
VisualStudioVersion = 17.6.33513.286
MinimumVisualStudioVersion = 10.0.40219.1
Project("{FAE04EC0-301F-11D3-BF4B-00C04F79EFBC}") = "Ornek-SqLiteCon", "Ornek-SqLiteCon\Ornek-SqLiteCon.csproj", "{55810B58-877A-42CC-AC37-C82B93988FF7}"
EndProject
Project("{FAE04EC0-301F-11D3-BF4B-00C04F79EFBC}") = "Ornek-SQLiteModel", "Ornek-SQLiteModel\Ornek-SQLiteModel.csproj", "{9ED39168-B8DD-4FDE-9FF3-6ADAD838C5B4}"
EndProject
Global
	GlobalSection(SolutionConfigurationPlatforms) = preSolution
		Debug|Any CPU = Debug|Any CPU
		Release|Any CPU = Release|Any CPU
	EndGlobalSection
	GlobalSection(ProjectConfigurationPlatforms) = postSolution
		{55810B58-877A-42CC-AC37-C82B93988FF7}.Debug|Any CPU.ActiveCfg = Debug|Any CPU
		{55810B58-877A-42CC-AC37-C82B93988FF7}.Debug|Any CPU.Build.0 = Debug|Any CPU
		{55810B58-877A-42CC-AC37-C82B93988FF7}.Release|Any CPU.ActiveCfg = Release|Any CPU
		{55810B58-877A-42CC-AC37-C82B93988FF7}.Release|Any CPU.Build.0 = Release|Any CPU
		{9ED39168-B8DD-4FDE-9FF3-6ADAD838C5B4}.Debug|Any CPU.ActiveCfg = Debug|Any CPU
		{9ED39168-B8DD-4FDE-9FF3-6ADAD838C5B4}.Debug|Any CPU.Build.0 = Debug|Any CPU
		{9ED39168-B8DD-4FDE-9FF3-6ADAD838C5B4}.Release|Any CPU.ActiveCfg = Release|Any CPU
		{9ED39168-B8DD-4FDE-9FF3-6ADAD838C5B4}.Release|Any CPU.Build.0 = Release|Any CPU
	EndGlobalSection
	GlobalSection(SolutionProperties) = preSolution
		HideSolutionNode = FALSE
	EndGlobalSection
	GlobalSection(ExtensibilityGlobals) = postSolution
		SolutionGuid = {CBA7E701-4DC8-455F-8386-D63D52874404}
	EndGlobalSection
EndGlobal
